
Microsoft Visual Studio Solution File, Format Version 12.00
# Visual Studio Version 16
VisualStudioVersion = 16.0.29709.97
MinimumVisualStudioVersion = 10.0.40219.1
Project("{FAE04EC0-301F-11D3-BF4B-00C04F79EFBC}") = "SFSMod", "SFSMod\SFSMod.csproj", "{291E799C-F2DF-49AB-8A54-C33074CC7BE0}"
EndProject
Global
	GlobalSection(SolutionConfigurationPlatforms) = preSolution
		Debug|Any CPU = Debug|Any CPU
		Release|Any CPU = Release|Any CPU
	EndGlobalSection
	GlobalSection(ProjectConfigurationPlatforms) = postSolution
		{291E799C-F2DF-49AB-8A54-C33074CC7BE0}.Debug|Any CPU.ActiveCfg = Release|Any CPU
		{291E799C-F2DF-49AB-8A54-C33074CC7BE0}.Debug|Any CPU.Build.0 = Release|Any CPU
		{291E799C-F2DF-49AB-8A54-C33074CC7BE0}.Release|Any CPU.ActiveCfg = Release|Any CPU
		{291E799C-F2DF-49AB-8A54-C33074CC7BE0}.Release|Any CPU.Build.0 = Release|Any CPU
	EndGlobalSection
	GlobalSection(SolutionProperties) = preSolution
		HideSolutionNode = FALSE
	EndGlobalSection
	GlobalSection(ExtensibilityGlobals) = postSolution
		SolutionGuid = {6794B527-E632-470C-973B-9535605C0560}
	EndGlobalSection
EndGlobal
